
Microsoft Visual Studio Solution File, Format Version 12.00
# Visual Studio Version 17
VisualStudioVersion = 17.9.34701.34
MinimumVisualStudioVersion = 10.0.40219.1
Project("{9A19103F-16F7-4668-BE54-9A1E7A4F7556}") = "SecretGardenDesktopApp", "SecretGardenDesktopApp.csproj", "{ACFFC53B-CFDD-4888-9A1D-65CAC9255FBE}"
EndProject
Project("{9A19103F-16F7-4668-BE54-9A1E7A4F7556}") = "APIHandler", "..\APIHandler\APIHandler.csproj", "{99F858AF-12A1-4437-8E2C-65EFEA0B4B4C}"
EndProject
Project("{9A19103F-16F7-4668-BE54-9A1E7A4F7556}") = "APILibTests", "..\APILibTests\APILibTests.csproj", "{24EC7FEE-B233-49DE-A524-A6FB03F6D938}"
EndProject
Global
	GlobalSection(SolutionConfigurationPlatforms) = preSolution
		Debug|Any CPU = Debug|Any CPU
		Release|Any CPU = Release|Any CPU
	EndGlobalSection
	GlobalSection(ProjectConfigurationPlatforms) = postSolution
		{ACFFC53B-CFDD-4888-9A1D-65CAC9255FBE}.Debug|Any CPU.ActiveCfg = Debug|Any CPU
		{ACFFC53B-CFDD-4888-9A1D-65CAC9255FBE}.Debug|Any CPU.Build.0 = Debug|Any CPU
		{ACFFC53B-CFDD-4888-9A1D-65CAC9255FBE}.Release|Any CPU.ActiveCfg = Release|Any CPU
		{ACFFC53B-CFDD-4888-9A1D-65CAC9255FBE}.Release|Any CPU.Build.0 = Release|Any CPU
		{99F858AF-12A1-4437-8E2C-65EFEA0B4B4C}.Debug|Any CPU.ActiveCfg = Debug|Any CPU
		{99F858AF-12A1-4437-8E2C-65EFEA0B4B4C}.Debug|Any CPU.Build.0 = Debug|Any CPU
		{99F858AF-12A1-4437-8E2C-65EFEA0B4B4C}.Release|Any CPU.ActiveCfg = Release|Any CPU
		{99F858AF-12A1-4437-8E2C-65EFEA0B4B4C}.Release|Any CPU.Build.0 = Release|Any CPU
		{24EC7FEE-B233-49DE-A524-A6FB03F6D938}.Debug|Any CPU.ActiveCfg = Debug|Any CPU
		{24EC7FEE-B233-49DE-A524-A6FB03F6D938}.Debug|Any CPU.Build.0 = Debug|Any CPU
		{24EC7FEE-B233-49DE-A524-A6FB03F6D938}.Release|Any CPU.ActiveCfg = Release|Any CPU
		{24EC7FEE-B233-49DE-A524-A6FB03F6D938}.Release|Any CPU.Build.0 = Release|Any CPU
	EndGlobalSection
	GlobalSection(SolutionProperties) = preSolution
		HideSolutionNode = FALSE
	EndGlobalSection
	GlobalSection(ExtensibilityGlobals) = postSolution
		SolutionGuid = {F84C1DEE-C1A6-4E53-87E1-C073C8AE0801}
	EndGlobalSection
EndGlobal
